
Microsoft Visual Studio Solution File, Format Version 12.00
# Visual Studio Version 16
VisualStudioVersion = 16.0.31205.134
MinimumVisualStudioVersion = 10.0.40219.1
Project("{FAE04EC0-301F-11D3-BF4B-00C04F79EFBC}") = "WF6", "WF6\WF6.csproj", "{381BE4D1-16CE-4962-81E1-3F94925B5A57}"
EndProject
Global
	GlobalSection(SolutionConfigurationPlatforms) = preSolution
		Debug|Any CPU = Debug|Any CPU
		Release|Any CPU = Release|Any CPU
	EndGlobalSection
	GlobalSection(ProjectConfigurationPlatforms) = postSolution
		{381BE4D1-16CE-4962-81E1-3F94925B5A57}.Debug|Any CPU.ActiveCfg = Debug|Any CPU
		{381BE4D1-16CE-4962-81E1-3F94925B5A57}.Debug|Any CPU.Build.0 = Debug|Any CPU
		{381BE4D1-16CE-4962-81E1-3F94925B5A57}.Release|Any CPU.ActiveCfg = Release|Any CPU
		{381BE4D1-16CE-4962-81E1-3F94925B5A57}.Release|Any CPU.Build.0 = Release|Any CPU
	EndGlobalSection
	GlobalSection(SolutionProperties) = preSolution
		HideSolutionNode = FALSE
	EndGlobalSection
	GlobalSection(ExtensibilityGlobals) = postSolution
		SolutionGuid = {05A797F0-C97F-4A9A-A449-77B14BC4889E}
	EndGlobalSection
EndGlobal
